
Microsoft Visual Studio Solution File, Format Version 12.00
# Visual Studio Version 17
VisualStudioVersion = 17.12.35527.113
MinimumVisualStudioVersion = 10.0.40219.1
Project("{2150E333-8FDC-42A3-9474-1A3956D46DE8}") = "src", "src", "{4A9B080B-7DCD-4A4C-8EFD-B6A021B49D70}"
EndProject
Project("{2150E333-8FDC-42A3-9474-1A3956D46DE8}") = "api", "api", "{8EA69CB1-DDAE-45B5-906C-9EE588B0A5B1}"
EndProject
Project("{FAE04EC0-301F-11D3-BF4B-00C04F79EFBC}") = "ScreenDrafts.Web", "src\api\ScreenDrafts.Web\ScreenDrafts.Web.csproj", "{04801009-315C-47D6-8C75-D899A1DD4F55}"
EndProject
Project("{2150E333-8FDC-42A3-9474-1A3956D46DE8}") = "common", "common", "{05878CE6-D6E2-4C29-A0AD-2A0D49261A85}"
EndProject
Project("{FAE04EC0-301F-11D3-BF4B-00C04F79EFBC}") = "ScreenDrafts.Common.Application", "src\common\ScreenDrafts.Common.Application\ScreenDrafts.Common.Application.csproj", "{776DF31E-2DE2-4377-8D64-B0A64C5CC63E}"
EndProject
Project("{FAE04EC0-301F-11D3-BF4B-00C04F79EFBC}") = "ScreenDrafts.Common.Domain", "src\common\ScreenDrafts.Common.Domain\ScreenDrafts.Common.Domain.csproj", "{52B5D507-B712-4895-A9A1-B5129957072B}"
EndProject
Project("{FAE04EC0-301F-11D3-BF4B-00C04F79EFBC}") = "ScreenDrafts.Common.Infrastructure", "src\common\ScreenDrafts.Common.Infrastructure\ScreenDrafts.Common.Infrastructure.csproj", "{9BB3E652-0924-40FA-B12D-7A56B9FDC9D1}"
EndProject
Project("{FAE04EC0-301F-11D3-BF4B-00C04F79EFBC}") = "ScreenDrafts.Common.Presentation", "src\common\ScreenDrafts.Common.Presentation\ScreenDrafts.Common.Presentation.csproj", "{B1D5CEC1-634D-48AF-8251-EEB9396430BA}"
EndProject
Project("{2150E333-8FDC-42A3-9474-1A3956D46DE8}") = "modules", "modules", "{81AF7435-4DB7-45A2-B079-F3BA4EBBC850}"
EndProject
Project("{2150E333-8FDC-42A3-9474-1A3956D46DE8}") = "users", "users", "{553B0CFF-7F78-448D-935C-C5DF2313280E}"
EndProject
Project("{FAE04EC0-301F-11D3-BF4B-00C04F79EFBC}") = "ScreenDrafts.Modules.Users.Application", "src\modules\users\ScreenDrafts.Modules.Users.Application\ScreenDrafts.Modules.Users.Application.csproj", "{6C3D2D8C-8A6E-4F02-8BC6-6DA81F1B4E7C}"
EndProject
Project("{FAE04EC0-301F-11D3-BF4B-00C04F79EFBC}") = "ScreenDrafts.Modules.Users.Domain", "src\modules\users\ScreenDrafts.Modules.Users.Domain\ScreenDrafts.Modules.Users.Domain.csproj", "{D401C550-96A6-4A17-9718-6B5EA0BD4E6D}"
EndProject
Project("{FAE04EC0-301F-11D3-BF4B-00C04F79EFBC}") = "ScreenDrafts.Modules.Users.Infrastructure", "src\modules\users\ScreenDrafts.Modules.Users.Infrastructure\ScreenDrafts.Modules.Users.Infrastructure.csproj", "{9BBFEF08-E142-461D-8EAD-7990292F0763}"
EndProject
Project("{FAE04EC0-301F-11D3-BF4B-00C04F79EFBC}") = "ScreenDrafts.Modules.Users.IntegrationEvents", "src\modules\users\ScreenDrafts.Modules.Users.IntegrationEvents\ScreenDrafts.Modules.Users.IntegrationEvents.csproj", "{F50FFED5-55EA-4D47-AD10-E4D47902DCDC}"
EndProject
Project("{FAE04EC0-301F-11D3-BF4B-00C04F79EFBC}") = "ScreenDrafts.Modules.Users.Presentation", "src\modules\users\ScreenDrafts.Modules.Users.Presentation\ScreenDrafts.Modules.Users.Presentation.csproj", "{084395D0-9DE4-48B8-B8CC-34E5FD2F8CB6}"
EndProject
Project("{E53339B2-1760-4266-BCC7-CA923CBCF16C}") = "docker-compose", "docker-compose.dcproj", "{5E517621-0523-4E2B-9264-60EE18AF20F4}"
EndProject
Project("{2150E333-8FDC-42A3-9474-1A3956D46DE8}") = "drafts", "drafts", "{C7AB4FC4-C6C2-4B45-AF5A-4FCE62B9604A}"
EndProject
Project("{FAE04EC0-301F-11D3-BF4B-00C04F79EFBC}") = "ScreenDrafts.Modules.Drafts.Application", "src\modules\drafts\ScreenDrafts.Modules.Drafts.Application\ScreenDrafts.Modules.Drafts.Application.csproj", "{6841730A-2816-4BD5-9BA8-F2B07003DEEA}"
EndProject
Project("{FAE04EC0-301F-11D3-BF4B-00C04F79EFBC}") = "ScreenDrafts.Modules.Drafts.Domain", "src\modules\drafts\ScreenDrafts.Modules.Drafts.Domain\ScreenDrafts.Modules.Drafts.Domain.csproj", "{09D8D534-A418-4160-96CD-E36738E70EDA}"
EndProject
Project("{FAE04EC0-301F-11D3-BF4B-00C04F79EFBC}") = "ScreenDrafts.Modules.Drafts.Infrastructure", "src\modules\drafts\ScreenDrafts.Modules.Drafts.Infrastructure\ScreenDrafts.Modules.Drafts.Infrastructure.csproj", "{3B232DC9-0E08-4F7A-8525-3215044DF327}"
EndProject
Project("{FAE04EC0-301F-11D3-BF4B-00C04F79EFBC}") = "ScreenDrafts.Modules.Drafts.Integration", "src\modules\drafts\ScreenDrafts.Modules.Drafts.Integration\ScreenDrafts.Modules.Drafts.Integration.csproj", "{8B4ADDE5-88B4-46EA-A6C3-43C381BA06C4}"
EndProject
Project("{FAE04EC0-301F-11D3-BF4B-00C04F79EFBC}") = "ScreenDrafts.Modules.Drafts.Presentation", "src\modules\drafts\ScreenDrafts.Modules.Drafts.Presentation\ScreenDrafts.Modules.Drafts.Presentation.csproj", "{4A6EAAA9-0114-495E-ABBB-172A2BA16CAA}"
EndProject
Project("{2150E333-8FDC-42A3-9474-1A3956D46DE8}") = "test", "test", "{D8EA1BD9-1DBD-44D1-B508-51AB1B243CCB}"
EndProject
Project("{2150E333-8FDC-42A3-9474-1A3956D46DE8}") = "Solution Items", "Solution Items", "{1F638F57-CCC9-4100-AF90-E3D67184ACCD}"
	ProjectSection(SolutionItems) = preProject
		.editorconfig = .editorconfig
		Directory.Build.props = Directory.Build.props
		Directory.Build.targets = Directory.Build.targets
		Directory.Packages.props = Directory.Packages.props
	EndProjectSection
EndProject
Global
	GlobalSection(SolutionConfigurationPlatforms) = preSolution
		Debug|Any CPU = Debug|Any CPU
		Debug|x64 = Debug|x64
		Debug|x86 = Debug|x86
		Release|Any CPU = Release|Any CPU
		Release|x64 = Release|x64
		Release|x86 = Release|x86
	EndGlobalSection
	GlobalSection(ProjectConfigurationPlatforms) = postSolution
		{04801009-315C-47D6-8C75-D899A1DD4F55}.Debug|Any CPU.ActiveCfg = Debug|Any CPU
		{04801009-315C-47D6-8C75-D899A1DD4F55}.Debug|Any CPU.Build.0 = Debug|Any CPU
		{04801009-315C-47D6-8C75-D899A1DD4F55}.Debug|x64.ActiveCfg = Debug|Any CPU
		{04801009-315C-47D6-8C75-D899A1DD4F55}.Debug|x64.Build.0 = Debug|Any CPU
		{04801009-315C-47D6-8C75-D899A1DD4F55}.Debug|x86.ActiveCfg = Debug|Any CPU
		{04801009-315C-47D6-8C75-D899A1DD4F55}.Debug|x86.Build.0 = Debug|Any CPU
		{04801009-315C-47D6-8C75-D899A1DD4F55}.Release|Any CPU.ActiveCfg = Release|Any CPU
		{04801009-315C-47D6-8C75-D899A1DD4F55}.Release|Any CPU.Build.0 = Release|Any CPU
		{04801009-315C-47D6-8C75-D899A1DD4F55}.Release|x64.ActiveCfg = Release|Any CPU
		{04801009-315C-47D6-8C75-D899A1DD4F55}.Release|x64.Build.0 = Release|Any CPU
		{04801009-315C-47D6-8C75-D899A1DD4F55}.Release|x86.ActiveCfg = Release|Any CPU
		{04801009-315C-47D6-8C75-D899A1DD4F55}.Release|x86.Build.0 = Release|Any CPU
		{776DF31E-2DE2-4377-8D64-B0A64C5CC63E}.Debug|Any CPU.ActiveCfg = Debug|Any CPU
		{776DF31E-2DE2-4377-8D64-B0A64C5CC63E}.Debug|Any CPU.Build.0 = Debug|Any CPU
		{776DF31E-2DE2-4377-8D64-B0A64C5CC63E}.Debug|x64.ActiveCfg = Debug|Any CPU
		{776DF31E-2DE2-4377-8D64-B0A64C5CC63E}.Debug|x64.Build.0 = Debug|Any CPU
		{776DF31E-2DE2-4377-8D64-B0A64C5CC63E}.Debug|x86.ActiveCfg = Debug|Any CPU
		{776DF31E-2DE2-4377-8D64-B0A64C5CC63E}.Debug|x86.Build.0 = Debug|Any CPU
		{776DF31E-2DE2-4377-8D64-B0A64C5CC63E}.Release|Any CPU.ActiveCfg = Release|Any CPU
		{776DF31E-2DE2-4377-8D64-B0A64C5CC63E}.Release|Any CPU.Build.0 = Release|Any CPU
		{776DF31E-2DE2-4377-8D64-B0A64C5CC63E}.Release|x64.ActiveCfg = Release|Any CPU
		{776DF31E-2DE2-4377-8D64-B0A64C5CC63E}.Release|x64.Build.0 = Release|Any CPU
		{776DF31E-2DE2-4377-8D64-B0A64C5CC63E}.Release|x86.ActiveCfg = Release|Any CPU
		{776DF31E-2DE2-4377-8D64-B0A64C5CC63E}.Release|x86.Build.0 = Release|Any CPU
		{52B5D507-B712-4895-A9A1-B5129957072B}.Debug|Any CPU.ActiveCfg = Debug|Any CPU
		{52B5D507-B712-4895-A9A1-B5129957072B}.Debug|Any CPU.Build.0 = Debug|Any CPU
		{52B5D507-B712-4895-A9A1-B5129957072B}.Debug|x64.ActiveCfg = Debug|Any CPU
		{52B5D507-B712-4895-A9A1-B5129957072B}.Debug|x64.Build.0 = Debug|Any CPU
		{52B5D507-B712-4895-A9A1-B5129957072B}.Debug|x86.ActiveCfg = Debug|Any CPU
		{52B5D507-B712-4895-A9A1-B5129957072B}.Debug|x86.Build.0 = Debug|Any CPU
		{52B5D507-B712-4895-A9A1-B5129957072B}.Release|Any CPU.ActiveCfg = Release|Any CPU
		{52B5D507-B712-4895-A9A1-B5129957072B}.Release|Any CPU.Build.0 = Release|Any CPU
		{52B5D507-B712-4895-A9A1-B5129957072B}.Release|x64.ActiveCfg = Release|Any CPU
		{52B5D507-B712-4895-A9A1-B5129957072B}.Release|x64.Build.0 = Release|Any CPU
		{52B5D507-B712-4895-A9A1-B5129957072B}.Release|x86.ActiveCfg = Release|Any CPU
		{52B5D507-B712-4895-A9A1-B5129957072B}.Release|x86.Build.0 = Release|Any CPU
		{9BB3E652-0924-40FA-B12D-7A56B9FDC9D1}.Debug|Any CPU.ActiveCfg = Debug|Any CPU
		{9BB3E652-0924-40FA-B12D-7A56B9FDC9D1}.Debug|Any CPU.Build.0 = Debug|Any CPU
		{9BB3E652-0924-40FA-B12D-7A56B9FDC9D1}.Debug|x64.ActiveCfg = Debug|Any CPU
		{9BB3E652-0924-40FA-B12D-7A56B9FDC9D1}.Debug|x64.Build.0 = Debug|Any CPU
		{9BB3E652-0924-40FA-B12D-7A56B9FDC9D1}.Debug|x86.ActiveCfg = Debug|Any CPU
		{9BB3E652-0924-40FA-B12D-7A56B9FDC9D1}.Debug|x86.Build.0 = Debug|Any CPU
		{9BB3E652-0924-40FA-B12D-7A56B9FDC9D1}.Release|Any CPU.ActiveCfg = Release|Any CPU
		{9BB3E652-0924-40FA-B12D-7A56B9FDC9D1}.Release|Any CPU.Build.0 = Release|Any CPU
		{9BB3E652-0924-40FA-B12D-7A56B9FDC9D1}.Release|x64.ActiveCfg = Release|Any CPU
		{9BB3E652-0924-40FA-B12D-7A56B9FDC9D1}.Release|x64.Build.0 = Release|Any CPU
		{9BB3E652-0924-40FA-B12D-7A56B9FDC9D1}.Release|x86.ActiveCfg = Release|Any CPU
		{9BB3E652-0924-40FA-B12D-7A56B9FDC9D1}.Release|x86.Build.0 = Release|Any CPU
		{B1D5CEC1-634D-48AF-8251-EEB9396430BA}.Debug|Any CPU.ActiveCfg = Debug|Any CPU
		{B1D5CEC1-634D-48AF-8251-EEB9396430BA}.Debug|Any CPU.Build.0 = Debug|Any CPU
		{B1D5CEC1-634D-48AF-8251-EEB9396430BA}.Debug|x64.ActiveCfg = Debug|Any CPU
		{B1D5CEC1-634D-48AF-8251-EEB9396430BA}.Debug|x64.Build.0 = Debug|Any CPU
		{B1D5CEC1-634D-48AF-8251-EEB9396430BA}.Debug|x86.ActiveCfg = Debug|Any CPU
		{B1D5CEC1-634D-48AF-8251-EEB9396430BA}.Debug|x86.Build.0 = Debug|Any CPU
		{B1D5CEC1-634D-48AF-8251-EEB9396430BA}.Release|Any CPU.ActiveCfg = Release|Any CPU
		{B1D5CEC1-634D-48AF-8251-EEB9396430BA}.Release|Any CPU.Build.0 = Release|Any CPU
		{B1D5CEC1-634D-48AF-8251-EEB9396430BA}.Release|x64.ActiveCfg = Release|Any CPU
		{B1D5CEC1-634D-48AF-8251-EEB9396430BA}.Release|x64.Build.0 = Release|Any CPU
		{B1D5CEC1-634D-48AF-8251-EEB9396430BA}.Release|x86.ActiveCfg = Release|Any CPU
		{B1D5CEC1-634D-48AF-8251-EEB9396430BA}.Release|x86.Build.0 = Release|Any CPU
		{6C3D2D8C-8A6E-4F02-8BC6-6DA81F1B4E7C}.Debug|Any CPU.ActiveCfg = Debug|Any CPU
		{6C3D2D8C-8A6E-4F02-8BC6-6DA81F1B4E7C}.Debug|Any CPU.Build.0 = Debug|Any CPU
		{6C3D2D8C-8A6E-4F02-8BC6-6DA81F1B4E7C}.Debug|x64.ActiveCfg = Debug|Any CPU
		{6C3D2D8C-8A6E-4F02-8BC6-6DA81F1B4E7C}.Debug|x64.Build.0 = Debug|Any CPU
		{6C3D2D8C-8A6E-4F02-8BC6-6DA81F1B4E7C}.Debug|x86.ActiveCfg = Debug|Any CPU
		{6C3D2D8C-8A6E-4F02-8BC6-6DA81F1B4E7C}.Debug|x86.Build.0 = Debug|Any CPU
		{6C3D2D8C-8A6E-4F02-8BC6-6DA81F1B4E7C}.Release|Any CPU.ActiveCfg = Release|Any CPU
		{6C3D2D8C-8A6E-4F02-8BC6-6DA81F1B4E7C}.Release|Any CPU.Build.0 = Release|Any CPU
		{6C3D2D8C-8A6E-4F02-8BC6-6DA81F1B4E7C}.Release|x64.ActiveCfg = Release|Any CPU
		{6C3D2D8C-8A6E-4F02-8BC6-6DA81F1B4E7C}.Release|x64.Build.0 = Release|Any CPU
		{6C3D2D8C-8A6E-4F02-8BC6-6DA81F1B4E7C}.Release|x86.ActiveCfg = Release|Any CPU
		{6C3D2D8C-8A6E-4F02-8BC6-6DA81F1B4E7C}.Release|x86.Build.0 = Release|Any CPU
		{D401C550-96A6-4A17-9718-6B5EA0BD4E6D}.Debug|Any CPU.ActiveCfg = Debug|Any CPU
		{D401C550-96A6-4A17-9718-6B5EA0BD4E6D}.Debug|Any CPU.Build.0 = Debug|Any CPU
		{D401C550-96A6-4A17-9718-6B5EA0BD4E6D}.Debug|x64.ActiveCfg = Debug|Any CPU
		{D401C550-96A6-4A17-9718-6B5EA0BD4E6D}.Debug|x64.Build.0 = Debug|Any CPU
		{D401C550-96A6-4A17-9718-6B5EA0BD4E6D}.Debug|x86.ActiveCfg = Debug|Any CPU
		{D401C550-96A6-4A17-9718-6B5EA0BD4E6D}.Debug|x86.Build.0 = Debug|Any CPU
		{D401C550-96A6-4A17-9718-6B5EA0BD4E6D}.Release|Any CPU.ActiveCfg = Release|Any CPU
		{D401C550-96A6-4A17-9718-6B5EA0BD4E6D}.Release|Any CPU.Build.0 = Release|Any CPU
		{D401C550-96A6-4A17-9718-6B5EA0BD4E6D}.Release|x64.ActiveCfg = Release|Any CPU
		{D401C550-96A6-4A17-9718-6B5EA0BD4E6D}.Release|x64.Build.0 = Release|Any CPU
		{D401C550-96A6-4A17-9718-6B5EA0BD4E6D}.Release|x86.ActiveCfg = Release|Any CPU
		{D401C550-96A6-4A17-9718-6B5EA0BD4E6D}.Release|x86.Build.0 = Release|Any CPU
		{9BBFEF08-E142-461D-8EAD-7990292F0763}.Debug|Any CPU.ActiveCfg = Debug|Any CPU
		{9BBFEF08-E142-461D-8EAD-7990292F0763}.Debug|Any CPU.Build.0 = Debug|Any CPU
		{9BBFEF08-E142-461D-8EAD-7990292F0763}.Debug|x64.ActiveCfg = Debug|Any CPU
		{9BBFEF08-E142-461D-8EAD-7990292F0763}.Debug|x64.Build.0 = Debug|Any CPU
		{9BBFEF08-E142-461D-8EAD-7990292F0763}.Debug|x86.ActiveCfg = Debug|Any CPU
		{9BBFEF08-E142-461D-8EAD-7990292F0763}.Debug|x86.Build.0 = Debug|Any CPU
		{9BBFEF08-E142-461D-8EAD-7990292F0763}.Release|Any CPU.ActiveCfg = Release|Any CPU
		{9BBFEF08-E142-461D-8EAD-7990292F0763}.Release|Any CPU.Build.0 = Release|Any CPU
		{9BBFEF08-E142-461D-8EAD-7990292F0763}.Release|x64.ActiveCfg = Release|Any CPU
		{9BBFEF08-E142-461D-8EAD-7990292F0763}.Release|x64.Build.0 = Release|Any CPU
		{9BBFEF08-E142-461D-8EAD-7990292F0763}.Release|x86.ActiveCfg = Release|Any CPU
		{9BBFEF08-E142-461D-8EAD-7990292F0763}.Release|x86.Build.0 = Release|Any CPU
		{F50FFED5-55EA-4D47-AD10-E4D47902DCDC}.Debug|Any CPU.ActiveCfg = Debug|Any CPU
		{F50FFED5-55EA-4D47-AD10-E4D47902DCDC}.Debug|Any CPU.Build.0 = Debug|Any CPU
		{F50FFED5-55EA-4D47-AD10-E4D47902DCDC}.Debug|x64.ActiveCfg = Debug|Any CPU
		{F50FFED5-55EA-4D47-AD10-E4D47902DCDC}.Debug|x64.Build.0 = Debug|Any CPU
		{F50FFED5-55EA-4D47-AD10-E4D47902DCDC}.Debug|x86.ActiveCfg = Debug|Any CPU
		{F50FFED5-55EA-4D47-AD10-E4D47902DCDC}.Debug|x86.Build.0 = Debug|Any CPU
		{F50FFED5-55EA-4D47-AD10-E4D47902DCDC}.Release|Any CPU.ActiveCfg = Release|Any CPU
		{F50FFED5-55EA-4D47-AD10-E4D47902DCDC}.Release|Any CPU.Build.0 = Release|Any CPU
		{F50FFED5-55EA-4D47-AD10-E4D47902DCDC}.Release|x64.ActiveCfg = Release|Any CPU
		{F50FFED5-55EA-4D47-AD10-E4D47902DCDC}.Release|x64.Build.0 = Release|Any CPU
		{F50FFED5-55EA-4D47-AD10-E4D47902DCDC}.Release|x86.ActiveCfg = Release|Any CPU
		{F50FFED5-55EA-4D47-AD10-E4D47902DCDC}.Release|x86.Build.0 = Release|Any CPU
		{084395D0-9DE4-48B8-B8CC-34E5FD2F8CB6}.Debug|Any CPU.ActiveCfg = Debug|Any CPU
		{084395D0-9DE4-48B8-B8CC-34E5FD2F8CB6}.Debug|Any CPU.Build.0 = Debug|Any CPU
		{084395D0-9DE4-48B8-B8CC-34E5FD2F8CB6}.Debug|x64.ActiveCfg = Debug|Any CPU
		{084395D0-9DE4-48B8-B8CC-34E5FD2F8CB6}.Debug|x64.Build.0 = Debug|Any CPU
		{084395D0-9DE4-48B8-B8CC-34E5FD2F8CB6}.Debug|x86.ActiveCfg = Debug|Any CPU
		{084395D0-9DE4-48B8-B8CC-34E5FD2F8CB6}.Debug|x86.Build.0 = Debug|Any CPU
		{084395D0-9DE4-48B8-B8CC-34E5FD2F8CB6}.Release|Any CPU.ActiveCfg = Release|Any CPU
		{084395D0-9DE4-48B8-B8CC-34E5FD2F8CB6}.Release|Any CPU.Build.0 = Release|Any CPU
		{084395D0-9DE4-48B8-B8CC-34E5FD2F8CB6}.Release|x64.ActiveCfg = Release|Any CPU
		{084395D0-9DE4-48B8-B8CC-34E5FD2F8CB6}.Release|x64.Build.0 = Release|Any CPU
		{084395D0-9DE4-48B8-B8CC-34E5FD2F8CB6}.Release|x86.ActiveCfg = Release|Any CPU
		{084395D0-9DE4-48B8-B8CC-34E5FD2F8CB6}.Release|x86.Build.0 = Release|Any CPU
		{5E517621-0523-4E2B-9264-60EE18AF20F4}.Debug|Any CPU.ActiveCfg = Debug|Any CPU
		{5E517621-0523-4E2B-9264-60EE18AF20F4}.Debug|Any CPU.Build.0 = Debug|Any CPU
		{5E517621-0523-4E2B-9264-60EE18AF20F4}.Debug|x64.ActiveCfg = Debug|Any CPU
		{5E517621-0523-4E2B-9264-60EE18AF20F4}.Debug|x64.Build.0 = Debug|Any CPU
		{5E517621-0523-4E2B-9264-60EE18AF20F4}.Debug|x86.ActiveCfg = Debug|Any CPU
		{5E517621-0523-4E2B-9264-60EE18AF20F4}.Debug|x86.Build.0 = Debug|Any CPU
		{5E517621-0523-4E2B-9264-60EE18AF20F4}.Release|Any CPU.ActiveCfg = Release|Any CPU
		{5E517621-0523-4E2B-9264-60EE18AF20F4}.Release|Any CPU.Build.0 = Release|Any CPU
		{5E517621-0523-4E2B-9264-60EE18AF20F4}.Release|x64.ActiveCfg = Release|Any CPU
		{5E517621-0523-4E2B-9264-60EE18AF20F4}.Release|x64.Build.0 = Release|Any CPU
		{5E517621-0523-4E2B-9264-60EE18AF20F4}.Release|x86.ActiveCfg = Release|Any CPU
		{5E517621-0523-4E2B-9264-60EE18AF20F4}.Release|x86.Build.0 = Release|Any CPU
		{6841730A-2816-4BD5-9BA8-F2B07003DEEA}.Debug|Any CPU.ActiveCfg = Debug|Any CPU
		{6841730A-2816-4BD5-9BA8-F2B07003DEEA}.Debug|Any CPU.Build.0 = Debug|Any CPU
		{6841730A-2816-4BD5-9BA8-F2B07003DEEA}.Debug|x64.ActiveCfg = Debug|Any CPU
		{6841730A-2816-4BD5-9BA8-F2B07003DEEA}.Debug|x64.Build.0 = Debug|Any CPU
		{6841730A-2816-4BD5-9BA8-F2B07003DEEA}.Debug|x86.ActiveCfg = Debug|Any CPU
		{6841730A-2816-4BD5-9BA8-F2B07003DEEA}.Debug|x86.Build.0 = Debug|Any CPU
		{6841730A-2816-4BD5-9BA8-F2B07003DEEA}.Release|Any CPU.ActiveCfg = Release|Any CPU
		{6841730A-2816-4BD5-9BA8-F2B07003DEEA}.Release|Any CPU.Build.0 = Release|Any CPU
		{6841730A-2816-4BD5-9BA8-F2B07003DEEA}.Release|x64.ActiveCfg = Release|Any CPU
		{6841730A-2816-4BD5-9BA8-F2B07003DEEA}.Release|x64.Build.0 = Release|Any CPU
		{6841730A-2816-4BD5-9BA8-F2B07003DEEA}.Release|x86.ActiveCfg = Release|Any CPU
		{6841730A-2816-4BD5-9BA8-F2B07003DEEA}.Release|x86.Build.0 = Release|Any CPU
		{09D8D534-A418-4160-96CD-E36738E70EDA}.Debug|Any CPU.ActiveCfg = Debug|Any CPU
		{09D8D534-A418-4160-96CD-E36738E70EDA}.Debug|Any CPU.Build.0 = Debug|Any CPU
		{09D8D534-A418-4160-96CD-E36738E70EDA}.Debug|x64.ActiveCfg = Debug|Any CPU
		{09D8D534-A418-4160-96CD-E36738E70EDA}.Debug|x64.Build.0 = Debug|Any CPU
		{09D8D534-A418-4160-96CD-E36738E70EDA}.Debug|x86.ActiveCfg = Debug|Any CPU
		{09D8D534-A418-4160-96CD-E36738E70EDA}.Debug|x86.Build.0 = Debug|Any CPU
		{09D8D534-A418-4160-96CD-E36738E70EDA}.Release|Any CPU.ActiveCfg = Release|Any CPU
		{09D8D534-A418-4160-96CD-E36738E70EDA}.Release|Any CPU.Build.0 = Release|Any CPU
		{09D8D534-A418-4160-96CD-E36738E70EDA}.Release|x64.ActiveCfg = Release|Any CPU
		{09D8D534-A418-4160-96CD-E36738E70EDA}.Release|x64.Build.0 = Release|Any CPU
		{09D8D534-A418-4160-96CD-E36738E70EDA}.Release|x86.ActiveCfg = Release|Any CPU
		{09D8D534-A418-4160-96CD-E36738E70EDA}.Release|x86.Build.0 = Release|Any CPU
		{3B232DC9-0E08-4F7A-8525-3215044DF327}.Debug|Any CPU.ActiveCfg = Debug|Any CPU
		{3B232DC9-0E08-4F7A-8525-3215044DF327}.Debug|Any CPU.Build.0 = Debug|Any CPU
		{3B232DC9-0E08-4F7A-8525-3215044DF327}.Debug|x64.ActiveCfg = Debug|Any CPU
		{3B232DC9-0E08-4F7A-8525-3215044DF327}.Debug|x64.Build.0 = Debug|Any CPU
		{3B232DC9-0E08-4F7A-8525-3215044DF327}.Debug|x86.ActiveCfg = Debug|Any CPU
		{3B232DC9-0E08-4F7A-8525-3215044DF327}.Debug|x86.Build.0 = Debug|Any CPU
		{3B232DC9-0E08-4F7A-8525-3215044DF327}.Release|Any CPU.ActiveCfg = Release|Any CPU
		{3B232DC9-0E08-4F7A-8525-3215044DF327}.Release|Any CPU.Build.0 = Release|Any CPU
		{3B232DC9-0E08-4F7A-8525-3215044DF327}.Release|x64.ActiveCfg = Release|Any CPU
		{3B232DC9-0E08-4F7A-8525-3215044DF327}.Release|x64.Build.0 = Release|Any CPU
		{3B232DC9-0E08-4F7A-8525-3215044DF327}.Release|x86.ActiveCfg = Release|Any CPU
		{3B232DC9-0E08-4F7A-8525-3215044DF327}.Release|x86.Build.0 = Release|Any CPU
		{8B4ADDE5-88B4-46EA-A6C3-43C381BA06C4}.Debug|Any CPU.ActiveCfg = Debug|Any CPU
		{8B4ADDE5-88B4-46EA-A6C3-43C381BA06C4}.Debug|Any CPU.Build.0 = Debug|Any CPU
		{8B4ADDE5-88B4-46EA-A6C3-43C381BA06C4}.Debug|x64.ActiveCfg = Debug|Any CPU
		{8B4ADDE5-88B4-46EA-A6C3-43C381BA06C4}.Debug|x64.Build.0 = Debug|Any CPU
		{8B4ADDE5-88B4-46EA-A6C3-43C381BA06C4}.Debug|x86.ActiveCfg = Debug|Any CPU
		{8B4ADDE5-88B4-46EA-A6C3-43C381BA06C4}.Debug|x86.Build.0 = Debug|Any CPU
		{8B4ADDE5-88B4-46EA-A6C3-43C381BA06C4}.Release|Any CPU.ActiveCfg = Release|Any CPU
		{8B4ADDE5-88B4-46EA-A6C3-43C381BA06C4}.Release|Any CPU.Build.0 = Release|Any CPU
		{8B4ADDE5-88B4-46EA-A6C3-43C381BA06C4}.Release|x64.ActiveCfg = Release|Any CPU
		{8B4ADDE5-88B4-46EA-A6C3-43C381BA06C4}.Release|x64.Build.0 = Release|Any CPU
		{8B4ADDE5-88B4-46EA-A6C3-43C381BA06C4}.Release|x86.ActiveCfg = Release|Any CPU
		{8B4ADDE5-88B4-46EA-A6C3-43C381BA06C4}.Release|x86.Build.0 = Release|Any CPU
		{4A6EAAA9-0114-495E-ABBB-172A2BA16CAA}.Debug|Any CPU.ActiveCfg = Debug|Any CPU
		{4A6EAAA9-0114-495E-ABBB-172A2BA16CAA}.Debug|Any CPU.Build.0 = Debug|Any CPU
		{4A6EAAA9-0114-495E-ABBB-172A2BA16CAA}.Debug|x64.ActiveCfg = Debug|Any CPU
		{4A6EAAA9-0114-495E-ABBB-172A2BA16CAA}.Debug|x64.Build.0 = Debug|Any CPU
		{4A6EAAA9-0114-495E-ABBB-172A2BA16CAA}.Debug|x86.ActiveCfg = Debug|Any CPU
		{4A6EAAA9-0114-495E-ABBB-172A2BA16CAA}.Debug|x86.Build.0 = Debug|Any CPU
		{4A6EAAA9-0114-495E-ABBB-172A2BA16CAA}.Release|Any CPU.ActiveCfg = Release|Any CPU
		{4A6EAAA9-0114-495E-ABBB-172A2BA16CAA}.Release|Any CPU.Build.0 = Release|Any CPU
		{4A6EAAA9-0114-495E-ABBB-172A2BA16CAA}.Release|x64.ActiveCfg = Release|Any CPU
		{4A6EAAA9-0114-495E-ABBB-172A2BA16CAA}.Release|x64.Build.0 = Release|Any CPU
		{4A6EAAA9-0114-495E-ABBB-172A2BA16CAA}.Release|x86.ActiveCfg = Release|Any CPU
		{4A6EAAA9-0114-495E-ABBB-172A2BA16CAA}.Release|x86.Build.0 = Release|Any CPU
	EndGlobalSection
	GlobalSection(SolutionProperties) = preSolution
		HideSolutionNode = FALSE
	EndGlobalSection
	GlobalSection(NestedProjects) = preSolution
		{8EA69CB1-DDAE-45B5-906C-9EE588B0A5B1} = {4A9B080B-7DCD-4A4C-8EFD-B6A021B49D70}
		{04801009-315C-47D6-8C75-D899A1DD4F55} = {8EA69CB1-DDAE-45B5-906C-9EE588B0A5B1}
		{05878CE6-D6E2-4C29-A0AD-2A0D49261A85} = {4A9B080B-7DCD-4A4C-8EFD-B6A021B49D70}
		{776DF31E-2DE2-4377-8D64-B0A64C5CC63E} = {05878CE6-D6E2-4C29-A0AD-2A0D49261A85}
		{52B5D507-B712-4895-A9A1-B5129957072B} = {05878CE6-D6E2-4C29-A0AD-2A0D49261A85}
		{9BB3E652-0924-40FA-B12D-7A56B9FDC9D1} = {05878CE6-D6E2-4C29-A0AD-2A0D49261A85}
		{B1D5CEC1-634D-48AF-8251-EEB9396430BA} = {05878CE6-D6E2-4C29-A0AD-2A0D49261A85}
		{81AF7435-4DB7-45A2-B079-F3BA4EBBC850} = {4A9B080B-7DCD-4A4C-8EFD-B6A021B49D70}
		{553B0CFF-7F78-448D-935C-C5DF2313280E} = {81AF7435-4DB7-45A2-B079-F3BA4EBBC850}
		{6C3D2D8C-8A6E-4F02-8BC6-6DA81F1B4E7C} = {553B0CFF-7F78-448D-935C-C5DF2313280E}
		{D401C550-96A6-4A17-9718-6B5EA0BD4E6D} = {553B0CFF-7F78-448D-935C-C5DF2313280E}
		{9BBFEF08-E142-461D-8EAD-7990292F0763} = {553B0CFF-7F78-448D-935C-C5DF2313280E}
		{F50FFED5-55EA-4D47-AD10-E4D47902DCDC} = {553B0CFF-7F78-448D-935C-C5DF2313280E}
		{084395D0-9DE4-48B8-B8CC-34E5FD2F8CB6} = {553B0CFF-7F78-448D-935C-C5DF2313280E}
		{C7AB4FC4-C6C2-4B45-AF5A-4FCE62B9604A} = {81AF7435-4DB7-45A2-B079-F3BA4EBBC850}
		{6841730A-2816-4BD5-9BA8-F2B07003DEEA} = {C7AB4FC4-C6C2-4B45-AF5A-4FCE62B9604A}
		{09D8D534-A418-4160-96CD-E36738E70EDA} = {C7AB4FC4-C6C2-4B45-AF5A-4FCE62B9604A}
		{3B232DC9-0E08-4F7A-8525-3215044DF327} = {C7AB4FC4-C6C2-4B45-AF5A-4FCE62B9604A}
		{8B4ADDE5-88B4-46EA-A6C3-43C381BA06C4} = {C7AB4FC4-C6C2-4B45-AF5A-4FCE62B9604A}
		{4A6EAAA9-0114-495E-ABBB-172A2BA16CAA} = {C7AB4FC4-C6C2-4B45-AF5A-4FCE62B9604A}
	EndGlobalSection
EndGlobal
